// !$*UTF8*$!
{
	archiveVersion = 1;
	classes = {
	};
	objectVersion = 56;
	objects = {

/* Begin PBXBuildFile section */
		9111E42A2B7E0DD7007F9AAC /* RealityKitContent in Frameworks */ = {isa = PBXBuildFile; productRef = 9111E4292B7E0DD7007F9AAC /* RealityKitContent */; };
		9111E42C2B7E0DD7007F9AAC /* SpatialLiveRefApp.swift in Sources */ = {isa = PBXBuildFile; fileRef = 9111E42B2B7E0DD7007F9AAC /* SpatialLiveRefApp.swift */; };
		9111E42E2B7E0DD7007F9AAC /* ContentView.swift in Sources */ = {isa = PBXBuildFile; fileRef = 9111E42D2B7E0DD7007F9AAC /* ContentView.swift */; };
		9111E4302B7E0DD7007F9AAC /* ImmersiveView.swift in Sources */ = {isa = PBXBuildFile; fileRef = 9111E42F2B7E0DD7007F9AAC /* ImmersiveView.swift */; };
		9111E4322B7E0DD8007F9AAC /* Assets.xcassets in Resources */ = {isa = PBXBuildFile; fileRef = 9111E4312B7E0DD8007F9AAC /* Assets.xcassets */; };
		9111E4352B7E0DD8007F9AAC /* Preview Assets.xcassets in Resources */ = {isa = PBXBuildFile; fileRef = 9111E4342B7E0DD8007F9AAC /* Preview Assets.xcassets */; };
		919A02202BB1CE6F006CA35C /* FileReader.swift in Sources */ = {isa = PBXBuildFile; fileRef = 919A021F2BB1CE6F006CA35C /* FileReader.swift */; };
		91BDFF082BD95E9900DE33A8 /* TestView.swift in Sources */ = {isa = PBXBuildFile; fileRef = 91BDFF072BD95E9900DE33A8 /* TestView.swift */; };
/* End PBXBuildFile section */

/* Begin PBXContainerItemProxy section */
		9111E43C2B7E0DD8007F9AAC /* PBXContainerItemProxy */ = {
			isa = PBXContainerItemProxy;
			containerPortal = 9111E41C2B7E0DD7007F9AAC /* Project object */;
			proxyType = 1;
			remoteGlobalIDString = 9111E4232B7E0DD7007F9AAC;
			remoteInfo = SpatialLiveRef;
		};
/* End PBXContainerItemProxy section */

/* Begin PBXFileReference section */
		9111E4242B7E0DD7007F9AAC /* SpatialLiveRef.app */ = {isa = PBXFileReference; explicitFileType = wrapper.application; includeInIndex = 0; path = SpatialLiveRef.app; sourceTree = BUILT_PRODUCTS_DIR; };
		9111E4282B7E0DD7007F9AAC /* RealityKitContent */ = {isa = PBXFileReference; lastKnownFileType = wrapper; path = RealityKitContent; sourceTree = "<group>"; };
		9111E42B2B7E0DD7007F9AAC /* SpatialLiveRefApp.swift */ = {isa = PBXFileReference; lastKnownFileType = sourcecode.swift; path = SpatialLiveRefApp.swift; sourceTree = "<group>"; };
		9111E42D2B7E0DD7007F9AAC /* ContentView.swift */ = {isa = PBXFileReference; lastKnownFileType = sourcecode.swift; path = ContentView.swift; sourceTree = "<group>"; };
		9111E42F2B7E0DD7007F9AAC /* ImmersiveView.swift */ = {isa = PBXFileReference; lastKnownFileType = sourcecode.swift; path = ImmersiveView.swift; sourceTree = "<group>"; };
		9111E4312B7E0DD8007F9AAC /* Assets.xcassets */ = {isa = PBXFileReference; lastKnownFileType = folder.assetcatalog; path = Assets.xcassets; sourceTree = "<group>"; };
		9111E4342B7E0DD8007F9AAC /* Preview Assets.xcassets */ = {isa = PBXFileReference; lastKnownFileType = folder.assetcatalog; path = "Preview Assets.xcassets"; sourceTree = "<group>"; };
		9111E4362B7E0DD8007F9AAC /* Info.plist */ = {isa = PBXFileReference; lastKnownFileType = text.plist.xml; path = Info.plist; sourceTree = "<group>"; };
		9111E43B2B7E0DD8007F9AAC /* SpatialLiveRefTests.xctest */ = {isa = PBXFileReference; explicitFileType = wrapper.cfbundle; includeInIndex = 0; path = SpatialLiveRefTests.xctest; sourceTree = BUILT_PRODUCTS_DIR; };
		919A021F2BB1CE6F006CA35C /* FileReader.swift */ = {isa = PBXFileReference; lastKnownFileType = sourcecode.swift; path = FileReader.swift; sourceTree = "<group>"; };
		91BDFF072BD95E9900DE33A8 /* TestView.swift */ = {isa = PBXFileReference; lastKnownFileType = sourcecode.swift; path = TestView.swift; sourceTree = "<group>"; };
/* End PBXFileReference section */

/* Begin PBXFrameworksBuildPhase section */
		9111E4212B7E0DD7007F9AAC /* Frameworks */ = {
			isa = PBXFrameworksBuildPhase;
			buildActionMask = 2147483647;
			files = (
				9111E42A2B7E0DD7007F9AAC /* RealityKitContent in Frameworks */,
			);
			runOnlyForDeploymentPostprocessing = 0;
		};
		9111E4382B7E0DD8007F9AAC /* Frameworks */ = {
			isa = PBXFrameworksBuildPhase;
			buildActionMask = 2147483647;
			files = (
			);
			runOnlyForDeploymentPostprocessing = 0;
		};
/* End PBXFrameworksBuildPhase section */

/* Begin PBXGroup section */
		9111E41B2B7E0DD7007F9AAC = {
			isa = PBXGroup;
			children = (
				9111E4262B7E0DD7007F9AAC /* SpatialLiveRef */,
				9111E4272B7E0DD7007F9AAC /* Packages */,
				9111E4252B7E0DD7007F9AAC /* Products */,
			);
			sourceTree = "<group>";
		};
		9111E4252B7E0DD7007F9AAC /* Products */ = {
			isa = PBXGroup;
			children = (
				9111E4242B7E0DD7007F9AAC /* SpatialLiveRef.app */,
				9111E43B2B7E0DD8007F9AAC /* SpatialLiveRefTests.xctest */,
			);
			name = Products;
			sourceTree = "<group>";
		};
		9111E4262B7E0DD7007F9AAC /* SpatialLiveRef */ = {
			isa = PBXGroup;
			children = (
				9111E42B2B7E0DD7007F9AAC /* SpatialLiveRefApp.swift */,
				9111E42D2B7E0DD7007F9AAC /* ContentView.swift */,
				919A021F2BB1CE6F006CA35C /* FileReader.swift */,
				9111E42F2B7E0DD7007F9AAC /* ImmersiveView.swift */,
				9111E4312B7E0DD8007F9AAC /* Assets.xcassets */,
				9111E4362B7E0DD8007F9AAC /* Info.plist */,
				9111E4332B7E0DD8007F9AAC /* Preview Content */,
				91BDFF072BD95E9900DE33A8 /* TestView.swift */,
			);
			path = SpatialLiveRef;
			sourceTree = "<group>";
		};
		9111E4272B7E0DD7007F9AAC /* Packages */ = {
			isa = PBXGroup;
			children = (
				9111E4282B7E0DD7007F9AAC /* RealityKitContent */,
			);
			path = Packages;
			sourceTree = "<group>";
		};
		9111E4332B7E0DD8007F9AAC /* Preview Content */ = {
			isa = PBXGroup;
			children = (
				9111E4342B7E0DD8007F9AAC /* Preview Assets.xcassets */,
			);
			path = "Preview Content";
			sourceTree = "<group>";
		};
/* End PBXGroup section */

/* Begin PBXNativeTarget section */
		9111E4232B7E0DD7007F9AAC /* SpatialLiveRef */ = {
			isa = PBXNativeTarget;
			buildConfigurationList = 9111E4432B7E0DD8007F9AAC /* Build configuration list for PBXNativeTarget "SpatialLiveRef" */;
			buildPhases = (
				9111E4202B7E0DD7007F9AAC /* Sources */,
				9111E4212B7E0DD7007F9AAC /* Frameworks */,
				9111E4222B7E0DD7007F9AAC /* Resources */,
			);
			buildRules = (
			);
			dependencies = (
			);
			name = SpatialLiveRef;
			packageProductDependencies = (
				9111E4292B7E0DD7007F9AAC /* RealityKitContent */,
			);
			productName = SpatialLiveRef;
			productReference = 9111E4242B7E0DD7007F9AAC /* SpatialLiveRef.app */;
			productType = "com.apple.product-type.application";
		};
		9111E43A2B7E0DD8007F9AAC /* SpatialLiveRefTests */ = {
			isa = PBXNativeTarget;
			buildConfigurationList = 9111E4462B7E0DD8007F9AAC /* Build configuration list for PBXNativeTarget "SpatialLiveRefTests" */;
			buildPhases = (
				9111E4372B7E0DD8007F9AAC /* Sources */,
				9111E4382B7E0DD8007F9AAC /* Frameworks */,
				9111E4392B7E0DD8007F9AAC /* Resources */,
			);
			buildRules = (
			);
			dependencies = (
				9111E43D2B7E0DD8007F9AAC /* PBXTargetDependency */,
			);
			name = SpatialLiveRefTests;
			productName = SpatialLiveRefTests;
			productReference = 9111E43B2B7E0DD8007F9AAC /* SpatialLiveRefTests.xctest */;
			productType = "com.apple.product-type.bundle.unit-test";
		};
/* End PBXNativeTarget section */

/* Begin PBXProject section */
		9111E41C2B7E0DD7007F9AAC /* Project object */ = {
			isa = PBXProject;
			attributes = {
				BuildIndependentTargetsInParallel = 1;
				LastSwiftUpdateCheck = 1520;
				LastUpgradeCheck = 1520;
				TargetAttributes = {
					9111E4232B7E0DD7007F9AAC = {
						CreatedOnToolsVersion = 15.2;
					};
					9111E43A2B7E0DD8007F9AAC = {
						CreatedOnToolsVersion = 15.2;
						TestTargetID = 9111E4232B7E0DD7007F9AAC;
					};
				};
			};
			buildConfigurationList = 9111E41F2B7E0DD7007F9AAC /* Build configuration list for PBXProject "SpatialLiveRef" */;
			compatibilityVersion = "Xcode 14.0";
			developmentRegion = en;
			hasScannedForEncodings = 0;
			knownRegions = (
				en,
				Base,
			);
			mainGroup = 9111E41B2B7E0DD7007F9AAC;
			productRefGroup = 9111E4252B7E0DD7007F9AAC /* Products */;
			projectDirPath = "";
			projectRoot = "";
			targets = (
				9111E4232B7E0DD7007F9AAC /* SpatialLiveRef */,
				9111E43A2B7E0DD8007F9AAC /* SpatialLiveRefTests */,
			);
		};
/* End PBXProject section */

/* Begin PBXResourcesBuildPhase section */
		9111E4222B7E0DD7007F9AAC /* Resources */ = {
			isa = PBXResourcesBuildPhase;
			buildActionMask = 2147483647;
			files = (
				9111E4352B7E0DD8007F9AAC /* Preview Assets.xcassets in Resources */,
				9111E4322B7E0DD8007F9AAC /* Assets.xcassets in Resources */,
			);
			runOnlyForDeploymentPostprocessing = 0;
		};
		9111E4392B7E0DD8007F9AAC /* Resources */ = {
			isa = PBXResourcesBuildPhase;
			buildActionMask = 2147483647;
			files = (
			);
			runOnlyForDeploymentPostprocessing = 0;
		};
/* End PBXResourcesBuildPhase section */

/* Begin PBXSourcesBuildPhase section */
		9111E4202B7E0DD7007F9AAC /* Sources */ = {
			isa = PBXSourcesBuildPhase;
			buildActionMask = 2147483647;
			files = (
				9111E42E2B7E0DD7007F9AAC /* ContentView.swift in Sources */,
				91BDFF082BD95E9900DE33A8 /* TestView.swift in Sources */,
				9111E42C2B7E0DD7007F9AAC /* SpatialLiveRefApp.swift in Sources */,
				919A02202BB1CE6F006CA35C /* FileReader.swift in Sources */,
				9111E4302B7E0DD7007F9AAC /* ImmersiveView.swift in Sources */,
			);
			runOnlyForDeploymentPostprocessing = 0;
		};
		9111E4372B7E0DD8007F9AAC /* Sources */ = {
			isa = PBXSourcesBuildPhase;
			buildActionMask = 2147483647;
			files = (
			);
			runOnlyForDeploymentPostprocessing = 0;
		};
/* End PBXSourcesBuildPhase section */

/* Begin PBXTargetDependency section */
		9111E43D2B7E0DD8007F9AAC /* PBXTargetDependency */ = {
			isa = PBXTargetDependency;
			target = 9111E4232B7E0DD7007F9AAC /* SpatialLiveRef */;
			targetProxy = 9111E43C2B7E0DD8007F9AAC /* PBXContainerItemProxy */;
		};
/* End PBXTargetDependency section */

/* Begin XCBuildConfiguration section */
		9111E4412B7E0DD8007F9AAC /* Debug */ = {
			isa = XCBuildConfiguration;
			buildSettings = {
				ALWAYS_SEARCH_USER_PATHS = NO;
				ASSETCATALOG_COMPILER_GENERATE_SWIFT_ASSET_SYMBOL_EXTENSIONS = YES;
				CLANG_ANALYZER_NONNULL = YES;
				CLANG_ANALYZER_NUMBER_OBJECT_CONVERSION = YES_AGGRESSIVE;
				CLANG_CXX_LANGUAGE_STANDARD = "gnu++20";
				CLANG_ENABLE_MODULES = YES;
				CLANG_ENABLE_OBJC_ARC = YES;
				CLANG_ENABLE_OBJC_WEAK = YES;
				CLANG_WARN_BLOCK_CAPTURE_AUTORELEASING = YES;
				CLANG_WARN_BOOL_CONVERSION = YES;
				CLANG_WARN_COMMA = YES;
				CLANG_WARN_CONSTANT_CONVERSION = YES;
				CLANG_WARN_DEPRECATED_OBJC_IMPLEMENTATIONS = YES;
				CLANG_WARN_DIRECT_OBJC_ISA_USAGE = YES_ERROR;
				CLANG_WARN_DOCUMENTATION_COMMENTS = YES;
				CLANG_WARN_EMPTY_BODY = YES;
				CLANG_WARN_ENUM_CONVERSION = YES;
				CLANG_WARN_INFINITE_RECURSION = YES;
				CLANG_WARN_INT_CONVERSION = YES;
				CLANG_WARN_NON_LITERAL_NULL_CONVERSION = YES;
				CLANG_WARN_OBJC_IMPLICIT_RETAIN_SELF = YES;
				CLANG_WARN_OBJC_LITERAL_CONVERSION = YES;
				CLANG_WARN_OBJC_ROOT_CLASS = YES_ERROR;
				CLANG_WARN_QUOTED_INCLUDE_IN_FRAMEWORK_HEADER = YES;
				CLANG_WARN_RANGE_LOOP_ANALYSIS = YES;
				CLANG_WARN_STRICT_PROTOTYPES = YES;
				CLANG_WARN_SUSPICIOUS_MOVE = YES;
				CLANG_WARN_UNGUARDED_AVAILABILITY = YES_AGGRESSIVE;
				CLANG_WARN_UNREACHABLE_CODE = YES;
				CLANG_WARN__DUPLICATE_METHOD_MATCH = YES;
				COPY_PHASE_STRIP = NO;
				DEBUG_INFORMATION_FORMAT = dwarf;
				ENABLE_STRICT_OBJC_MSGSEND = YES;
				ENABLE_TESTABILITY = YES;
				ENABLE_USER_SCRIPT_SANDBOXING = YES;
				GCC_C_LANGUAGE_STANDARD = gnu17;
				GCC_DYNAMIC_NO_PIC = NO;
				GCC_NO_COMMON_BLOCKS = YES;
				GCC_OPTIMIZATION_LEVEL = 0;
				GCC_PREPROCESSOR_DEFINITIONS = (
					"DEBUG=1",
					"$(inherited)",
				);
				GCC_WARN_64_TO_32_BIT_CONVERSION = YES;
				GCC_WARN_ABOUT_RETURN_TYPE = YES_ERROR;
				GCC_WARN_UNDECLARED_SELECTOR = YES;
				GCC_WARN_UNINITIALIZED_AUTOS = YES_AGGRESSIVE;
				GCC_WARN_UNUSED_FUNCTION = YES;
				GCC_WARN_UNUSED_VARIABLE = YES;
				LOCALIZATION_PREFERS_STRING_CATALOGS = YES;
				MTL_ENABLE_DEBUG_INFO = INCLUDE_SOURCE;
				MTL_FAST_MATH = YES;
				ONLY_ACTIVE_ARCH = YES;
				SDKROOT = xros;
				SWIFT_ACTIVE_COMPILATION_CONDITIONS = "DEBUG $(inherited)";
				SWIFT_OPTIMIZATION_LEVEL = "-Onone";
				XROS_DEPLOYMENT_TARGET = 1.0;
			};
			name = Debug;
		};
		9111E4422B7E0DD8007F9AAC /* Release */ = {
			isa = XCBuildConfiguration;
			buildSettings = {
				ALWAYS_SEARCH_USER_PATHS = NO;
				ASSETCATALOG_COMPILER_GENERATE_SWIFT_ASSET_SYMBOL_EXTENSIONS = YES;
				CLANG_ANALYZER_NONNULL = YES;
				CLANG_ANALYZER_NUMBER_OBJECT_CONVERSION = YES_AGGRESSIVE;
				CLANG_CXX_LANGUAGE_STANDARD = "gnu++20";
				CLANG_ENABLE_MODULES = YES;
				CLANG_ENABLE_OBJC_ARC = YES;
				CLANG_ENABLE_OBJC_WEAK = YES;
				CLANG_WARN_BLOCK_CAPTURE_AUTORELEASING = YES;
				CLANG_WARN_BOOL_CONVERSION = YES;
				CLANG_WARN_COMMA = YES;
				CLANG_WARN_CONSTANT_CONVERSION = YES;
				CLANG_WARN_DEPRECATED_OBJC_IMPLEMENTATIONS = YES;
				CLANG_WARN_DIRECT_OBJC_ISA_USAGE = YES_ERROR;
				CLANG_WARN_DOCUMENTATION_COMMENTS = YES;
				CLANG_WARN_EMPTY_BODY = YES;
				CLANG_WARN_ENUM_CONVERSION = YES;
				CLANG_WARN_INFINITE_RECURSION = YES;
				CLANG_WARN_INT_CONVERSION = YES;
				CLANG_WARN_NON_LITERAL_NULL_CONVERSION = YES;
				CLANG_WARN_OBJC_IMPLICIT_RETAIN_SELF = YES;
				CLANG_WARN_OBJC_LITERAL_CONVERSION = YES;
				CLANG_WARN_OBJC_ROOT_CLASS = YES_ERROR;
				CLANG_WARN_QUOTED_INCLUDE_IN_FRAMEWORK_HEADER = YES;
				CLANG_WARN_RANGE_LOOP_ANALYSIS = YES;
				CLANG_WARN_STRICT_PROTOTYPES = YES;
				CLANG_WARN_SUSPICIOUS_MOVE = YES;
				CLANG_WARN_UNGUARDED_AVAILABILITY = YES_AGGRESSIVE;
				CLANG_WARN_UNREACHABLE_CODE = YES;
				CLANG_WARN__DUPLICATE_METHOD_MATCH = YES;
				COPY_PHASE_STRIP = NO;
				DEBUG_INFORMATION_FORMAT = "dwarf-with-dsym";
				ENABLE_NS_ASSERTIONS = NO;
				ENABLE_STRICT_OBJC_MSGSEND = YES;
				ENABLE_USER_SCRIPT_SANDBOXING = YES;
				GCC_C_LANGUAGE_STANDARD = gnu17;
				GCC_NO_COMMON_BLOCKS = YES;
				GCC_WARN_64_TO_32_BIT_CONVERSION = YES;
				GCC_WARN_ABOUT_RETURN_TYPE = YES_ERROR;
				GCC_WARN_UNDECLARED_SELECTOR = YES;
				GCC_WARN_UNINITIALIZED_AUTOS = YES_AGGRESSIVE;
				GCC_WARN_UNUSED_FUNCTION = YES;
				GCC_WARN_UNUSED_VARIABLE = YES;
				LOCALIZATION_PREFERS_STRING_CATALOGS = YES;
				MTL_ENABLE_DEBUG_INFO = NO;
				MTL_FAST_MATH = YES;
				SDKROOT = xros;
				SWIFT_COMPILATION_MODE = wholemodule;
				VALIDATE_PRODUCT = YES;
				XROS_DEPLOYMENT_TARGET = 1.0;
			};
			name = Release;
		};
		9111E4442B7E0DD8007F9AAC /* Debug */ = {
			isa = XCBuildConfiguration;
			buildSettings = {
				ASSETCATALOG_COMPILER_APPICON_NAME = AppIcon;
				ASSETCATALOG_COMPILER_GLOBAL_ACCENT_COLOR_NAME = AccentColor;
				CODE_SIGN_STYLE = Automatic;
				CURRENT_PROJECT_VERSION = 1;
				DEVELOPMENT_ASSET_PATHS = "\"SpatialLiveRef/Preview Content\"";
				ENABLE_PREVIEWS = YES;
				GENERATE_INFOPLIST_FILE = YES;
				INFOPLIST_FILE = "$(TARGET_NAME)/Info.plist";
				LD_RUNPATH_SEARCH_PATHS = (
					"$(inherited)",
					"@executable_path/Frameworks",
				);
				MARKETING_VERSION = 1.0;
				PRODUCT_BUNDLE_IDENTIFIER = FEUP.SpatialLiveRef;
				PRODUCT_NAME = "$(TARGET_NAME)";
				SUPPORTED_PLATFORMS = "xros xrsimulator";
				SWIFT_EMIT_LOC_STRINGS = YES;
				SWIFT_VERSION = 5.0;
				TARGETED_DEVICE_FAMILY = "1,2,7";
			};
			name = Debug;
		};
		9111E4452B7E0DD8007F9AAC /* Release */ = {
			isa = XCBuildConfiguration;
			buildSettings = {
				ASSETCATALOG_COMPILER_APPICON_NAME = AppIcon;
				ASSETCATALOG_COMPILER_GLOBAL_ACCENT_COLOR_NAME = AccentColor;
				CODE_SIGN_STYLE = Automatic;
				CURRENT_PROJECT_VERSION = 1;
				DEVELOPMENT_ASSET_PATHS = "\"SpatialLiveRef/Preview Content\"";
				ENABLE_PREVIEWS = YES;
				GENERATE_INFOPLIST_FILE = YES;
				INFOPLIST_FILE = "$(TARGET_NAME)/Info.plist";
				LD_RUNPATH_SEARCH_PATHS = (
					"$(inherited)",
					"@executable_path/Frameworks",
				);
				MARKETING_VERSION = 1.0;
				PRODUCT_BUNDLE_IDENTIFIER = FEUP.SpatialLiveRef;
				PRODUCT_NAME = "$(TARGET_NAME)";
				SUPPORTED_PLATFORMS = "xros xrsimulator";
				SWIFT_EMIT_LOC_STRINGS = YES;
				SWIFT_VERSION = 5.0;
				TARGETED_DEVICE_FAMILY = "1,2,7";
			};
			name = Release;
		};
		9111E4472B7E0DD8007F9AAC /* Debug */ = {
			isa = XCBuildConfiguration;
			buildSettings = {
				ALWAYS_EMBED_SWIFT_STANDARD_LIBRARIES = YES;
				BUNDLE_LOADER = "$(TEST_HOST)";
				CODE_SIGN_STYLE = Automatic;
				CURRENT_PROJECT_VERSION = 1;
				GENERATE_INFOPLIST_FILE = YES;
				MARKETING_VERSION = 1.0;
				PRODUCT_BUNDLE_IDENTIFIER = FEUP.SpatialLiveRefTests;
				PRODUCT_NAME = "$(TARGET_NAME)";
				SUPPORTED_PLATFORMS = "xros xrsimulator";
				SWIFT_EMIT_LOC_STRINGS = NO;
				SWIFT_VERSION = 5.0;
				TARGETED_DEVICE_FAMILY = "1,2,7";
				TEST_HOST = "$(BUILT_PRODUCTS_DIR)/SpatialLiveRef.app/$(BUNDLE_EXECUTABLE_FOLDER_PATH)/SpatialLiveRef";
				XROS_DEPLOYMENT_TARGET = 1.0;
			};
			name = Debug;
		};
		9111E4482B7E0DD8007F9AAC /* Release */ = {
			isa = XCBuildConfiguration;
			buildSettings = {
				ALWAYS_EMBED_SWIFT_STANDARD_LIBRARIES = YES;
				BUNDLE_LOADER = "$(TEST_HOST)";
				CODE_SIGN_STYLE = Automatic;
				CURRENT_PROJECT_VERSION = 1;
				GENERATE_INFOPLIST_FILE = YES;
				MARKETING_VERSION = 1.0;
				PRODUCT_BUNDLE_IDENTIFIER = FEUP.SpatialLiveRefTests;
				PRODUCT_NAME = "$(TARGET_NAME)";
				SUPPORTED_PLATFORMS = "xros xrsimulator";
				SWIFT_EMIT_LOC_STRINGS = NO;
				SWIFT_VERSION = 5.0;
				TARGETED_DEVICE_FAMILY = "1,2,7";
				TEST_HOST = "$(BUILT_PRODUCTS_DIR)/SpatialLiveRef.app/$(BUNDLE_EXECUTABLE_FOLDER_PATH)/SpatialLiveRef";
				XROS_DEPLOYMENT_TARGET = 1.0;
			};
			name = Release;
		};
/* End XCBuildConfiguration section */

/* Begin XCConfigurationList section */
		9111E41F2B7E0DD7007F9AAC /* Build configuration list for PBXProject "SpatialLiveRef" */ = {
			isa = XCConfigurationList;
			buildConfigurations = (
				9111E4412B7E0DD8007F9AAC /* Debug */,
				9111E4422B7E0DD8007F9AAC /* Release */,
			);
			defaultConfigurationIsVisible = 0;
			defaultConfigurationName = Release;
		};
		9111E4432B7E0DD8007F9AAC /* Build configuration list for PBXNativeTarget "SpatialLiveRef" */ = {
			isa = XCConfigurationList;
			buildConfigurations = (
				9111E4442B7E0DD8007F9AAC /* Debug */,
				9111E4452B7E0DD8007F9AAC /* Release */,
			);
			defaultConfigurationIsVisible = 0;
			defaultConfigurationName = Release;
		};
		9111E4462B7E0DD8007F9AAC /* Build configuration list for PBXNativeTarget "SpatialLiveRefTests" */ = {
			isa = XCConfigurationList;
			buildConfigurations = (
				9111E4472B7E0DD8007F9AAC /* Debug */,
				9111E4482B7E0DD8007F9AAC /* Release */,
			);
			defaultConfigurationIsVisible = 0;
			defaultConfigurationName = Release;
		};
/* End XCConfigurationList section */

/* Begin XCSwiftPackageProductDependency section */
		9111E4292B7E0DD7007F9AAC /* RealityKitContent */ = {
			isa = XCSwiftPackageProductDependency;
			productName = RealityKitContent;
		};
/* End XCSwiftPackageProductDependency section */
	};
	rootObject = 9111E41C2B7E0DD7007F9AAC /* Project object */;
}
